
Microsoft Visual Studio Solution File, Format Version 12.00
# Visual Studio Version 16
VisualStudioVersion = 16.0.29201.188
MinimumVisualStudioVersion = 10.0.40219.1
Project("{FAE04EC0-301F-11D3-BF4B-00C04F79EFBC}") = "MusicShop", "MusicShop\MusicShop.csproj", "{FFA1363E-F490-4A9E-BE40-C718F39340E1}"
EndProject
Global
	GlobalSection(SolutionConfigurationPlatforms) = preSolution
		Debug|Any CPU = Debug|Any CPU
		Release|Any CPU = Release|Any CPU
	EndGlobalSection
	GlobalSection(ProjectConfigurationPlatforms) = postSolution
		{FFA1363E-F490-4A9E-BE40-C718F39340E1}.Debug|Any CPU.ActiveCfg = Debug|Any CPU
		{FFA1363E-F490-4A9E-BE40-C718F39340E1}.Debug|Any CPU.Build.0 = Debug|Any CPU
		{FFA1363E-F490-4A9E-BE40-C718F39340E1}.Release|Any CPU.ActiveCfg = Release|Any CPU
		{FFA1363E-F490-4A9E-BE40-C718F39340E1}.Release|Any CPU.Build.0 = Release|Any CPU
	EndGlobalSection
	GlobalSection(SolutionProperties) = preSolution
		HideSolutionNode = FALSE
	EndGlobalSection
	GlobalSection(ExtensibilityGlobals) = postSolution
		SolutionGuid = {A279FB6B-7F10-4CBE-B2CB-C3CA989837E3}
	EndGlobalSection
EndGlobal
